// !$*UTF8*$!
{
	archiveVersion = 1;
	classes = {
	};
	objectVersion = 56;
	objects = {

/* Begin PBXBuildFile section */
		52BE7CFA2BA617B300F91300 /* AppDelegate.swift in Sources */ = {isa = PBXBuildFile; fileRef = 52BE7CF92BA617B300F91300 /* AppDelegate.swift */; };
		52BE7CFC2BA617B300F91300 /* SceneDelegate.swift in Sources */ = {isa = PBXBuildFile; fileRef = 52BE7CFB2BA617B300F91300 /* SceneDelegate.swift */; };
		52BE7CFE2BA617B300F91300 /* ViewController.swift in Sources */ = {isa = PBXBuildFile; fileRef = 52BE7CFD2BA617B300F91300 /* ViewController.swift */; };
		52BE7D012BA617B300F91300 /* Main.storyboard in Resources */ = {isa = PBXBuildFile; fileRef = 52BE7CFF2BA617B300F91300 /* Main.storyboard */; };
		52BE7D032BA617B400F91300 /* Assets.xcassets in Resources */ = {isa = PBXBuildFile; fileRef = 52BE7D022BA617B400F91300 /* Assets.xcassets */; };
		52BE7D062BA617B400F91300 /* LaunchScreen.storyboard in Resources */ = {isa = PBXBuildFile; fileRef = 52BE7D042BA617B400F91300 /* LaunchScreen.storyboard */; };
		52BE7D112BA617B500F91300 /* StudySwiftUITests.swift in Sources */ = {isa = PBXBuildFile; fileRef = 52BE7D102BA617B500F91300 /* StudySwiftUITests.swift */; };
		52BE7D1B2BA617B500F91300 /* StudySwiftUIUITests.swift in Sources */ = {isa = PBXBuildFile; fileRef = 52BE7D1A2BA617B500F91300 /* StudySwiftUIUITests.swift */; };
		52BE7D1D2BA617B500F91300 /* StudySwiftUIUITestsLaunchTests.swift in Sources */ = {isa = PBXBuildFile; fileRef = 52BE7D1C2BA617B500F91300 /* StudySwiftUIUITestsLaunchTests.swift */; };
		52BE7D2A2BA617CC00F91300 /* StudyModifier.swift in Sources */ = {isa = PBXBuildFile; fileRef = 52BE7D292BA617CC00F91300 /* StudyModifier.swift */; };
		52BE7D2C2BA61D7E00F91300 /* StudyCutomView1.swift in Sources */ = {isa = PBXBuildFile; fileRef = 52BE7D2B2BA61D7E00F91300 /* StudyCutomView1.swift */; };
		52BE7D2E2BA624CA00F91300 /* StudyCutomContainer.swift in Sources */ = {isa = PBXBuildFile; fileRef = 52BE7D2D2BA624CA00F91300 /* StudyCutomContainer.swift */; };
		52BE7D302BA62BEB00F91300 /* StudyBinding.swift in Sources */ = {isa = PBXBuildFile; fileRef = 52BE7D2F2BA62BEB00F91300 /* StudyBinding.swift */; };
		52BE7D322BA62F3A00F91300 /* StudyList.swift in Sources */ = {isa = PBXBuildFile; fileRef = 52BE7D312BA62F3A00F91300 /* StudyList.swift */; };
		52BE7D342BA63A7200F91300 /* StudyState.swift in Sources */ = {isa = PBXBuildFile; fileRef = 52BE7D332BA63A7200F91300 /* StudyState.swift */; };
/* End PBXBuildFile section */

/* Begin PBXContainerItemProxy section */
		52BE7D0D2BA617B500F91300 /* PBXContainerItemProxy */ = {
			isa = PBXContainerItemProxy;
			containerPortal = 52BE7CEE2BA617B300F91300 /* Project object */;
			proxyType = 1;
			remoteGlobalIDString = 52BE7CF52BA617B300F91300;
			remoteInfo = StudySwiftUI;
		};
		52BE7D172BA617B500F91300 /* PBXContainerItemProxy */ = {
			isa = PBXContainerItemProxy;
			containerPortal = 52BE7CEE2BA617B300F91300 /* Project object */;
			proxyType = 1;
			remoteGlobalIDString = 52BE7CF52BA617B300F91300;
			remoteInfo = StudySwiftUI;
		};
/* End PBXContainerItemProxy section */

/* Begin PBXFileReference section */
		52BE7CF62BA617B300F91300 /* StudySwiftUI.app */ = {isa = PBXFileReference; explicitFileType = wrapper.application; includeInIndex = 0; path = StudySwiftUI.app; sourceTree = BUILT_PRODUCTS_DIR; };
		52BE7CF92BA617B300F91300 /* AppDelegate.swift */ = {isa = PBXFileReference; lastKnownFileType = sourcecode.swift; path = AppDelegate.swift; sourceTree = "<group>"; };
		52BE7CFB2BA617B300F91300 /* SceneDelegate.swift */ = {isa = PBXFileReference; lastKnownFileType = sourcecode.swift; path = SceneDelegate.swift; sourceTree = "<group>"; };
		52BE7CFD2BA617B300F91300 /* ViewController.swift */ = {isa = PBXFileReference; lastKnownFileType = sourcecode.swift; path = ViewController.swift; sourceTree = "<group>"; };
		52BE7D002BA617B300F91300 /* Base */ = {isa = PBXFileReference; lastKnownFileType = file.storyboard; name = Base; path = Base.lproj/Main.storyboard; sourceTree = "<group>"; };
		52BE7D022BA617B400F91300 /* Assets.xcassets */ = {isa = PBXFileReference; lastKnownFileType = folder.assetcatalog; path = Assets.xcassets; sourceTree = "<group>"; };
		52BE7D052BA617B400F91300 /* Base */ = {isa = PBXFileReference; lastKnownFileType = file.storyboard; name = Base; path = Base.lproj/LaunchScreen.storyboard; sourceTree = "<group>"; };
		52BE7D072BA617B400F91300 /* Info.plist */ = {isa = PBXFileReference; lastKnownFileType = text.plist.xml; path = Info.plist; sourceTree = "<group>"; };
		52BE7D0C2BA617B500F91300 /* StudySwiftUITests.xctest */ = {isa = PBXFileReference; explicitFileType = wrapper.cfbundle; includeInIndex = 0; path = StudySwiftUITests.xctest; sourceTree = BUILT_PRODUCTS_DIR; };
		52BE7D102BA617B500F91300 /* StudySwiftUITests.swift */ = {isa = PBXFileReference; lastKnownFileType = sourcecode.swift; path = StudySwiftUITests.swift; sourceTree = "<group>"; };
		52BE7D162BA617B500F91300 /* StudySwiftUIUITests.xctest */ = {isa = PBXFileReference; explicitFileType = wrapper.cfbundle; includeInIndex = 0; path = StudySwiftUIUITests.xctest; sourceTree = BUILT_PRODUCTS_DIR; };
		52BE7D1A2BA617B500F91300 /* StudySwiftUIUITests.swift */ = {isa = PBXFileReference; lastKnownFileType = sourcecode.swift; path = StudySwiftUIUITests.swift; sourceTree = "<group>"; };
		52BE7D1C2BA617B500F91300 /* StudySwiftUIUITestsLaunchTests.swift */ = {isa = PBXFileReference; lastKnownFileType = sourcecode.swift; path = StudySwiftUIUITestsLaunchTests.swift; sourceTree = "<group>"; };
		52BE7D292BA617CC00F91300 /* StudyModifier.swift */ = {isa = PBXFileReference; lastKnownFileType = sourcecode.swift; path = StudyModifier.swift; sourceTree = "<group>"; };
		52BE7D2B2BA61D7E00F91300 /* StudyCutomView1.swift */ = {isa = PBXFileReference; lastKnownFileType = sourcecode.swift; path = StudyCutomView1.swift; sourceTree = "<group>"; };
		52BE7D2D2BA624CA00F91300 /* StudyCutomContainer.swift */ = {isa = PBXFileReference; lastKnownFileType = sourcecode.swift; path = StudyCutomContainer.swift; sourceTree = "<group>"; };
		52BE7D2F2BA62BEB00F91300 /* StudyBinding.swift */ = {isa = PBXFileReference; lastKnownFileType = sourcecode.swift; path = StudyBinding.swift; sourceTree = "<group>"; };
		52BE7D312BA62F3A00F91300 /* StudyList.swift */ = {isa = PBXFileReference; lastKnownFileType = sourcecode.swift; path = StudyList.swift; sourceTree = "<group>"; };
		52BE7D332BA63A7200F91300 /* StudyState.swift */ = {isa = PBXFileReference; lastKnownFileType = sourcecode.swift; path = StudyState.swift; sourceTree = "<group>"; };
/* End PBXFileReference section */

/* Begin PBXFrameworksBuildPhase section */
		52BE7CF32BA617B300F91300 /* Frameworks */ = {
			isa = PBXFrameworksBuildPhase;
			buildActionMask = 2147483647;
			files = (
			);
			runOnlyForDeploymentPostprocessing = 0;
		};
		52BE7D092BA617B500F91300 /* Frameworks */ = {
			isa = PBXFrameworksBuildPhase;
			buildActionMask = 2147483647;
			files = (
			);
			runOnlyForDeploymentPostprocessing = 0;
		};
		52BE7D132BA617B500F91300 /* Frameworks */ = {
			isa = PBXFrameworksBuildPhase;
			buildActionMask = 2147483647;
			files = (
			);
			runOnlyForDeploymentPostprocessing = 0;
		};
/* End PBXFrameworksBuildPhase section */

/* Begin PBXGroup section */
		52BE7CED2BA617B300F91300 = {
			isa = PBXGroup;
			children = (
				52BE7CF82BA617B300F91300 /* StudySwiftUI */,
				52BE7D0F2BA617B500F91300 /* StudySwiftUITests */,
				52BE7D192BA617B500F91300 /* StudySwiftUIUITests */,
				52BE7CF72BA617B300F91300 /* Products */,
			);
			sourceTree = "<group>";
		};
		52BE7CF72BA617B300F91300 /* Products */ = {
			isa = PBXGroup;
			children = (
				52BE7CF62BA617B300F91300 /* StudySwiftUI.app */,
				52BE7D0C2BA617B500F91300 /* StudySwiftUITests.xctest */,
				52BE7D162BA617B500F91300 /* StudySwiftUIUITests.xctest */,
			);
			name = Products;
			sourceTree = "<group>";
		};
		52BE7CF82BA617B300F91300 /* StudySwiftUI */ = {
			isa = PBXGroup;
			children = (
				52BE7CF92BA617B300F91300 /* AppDelegate.swift */,
				52BE7CFB2BA617B300F91300 /* SceneDelegate.swift */,
				52BE7CFD2BA617B300F91300 /* ViewController.swift */,
				52BE7CFF2BA617B300F91300 /* Main.storyboard */,
				52BE7D022BA617B400F91300 /* Assets.xcassets */,
				52BE7D042BA617B400F91300 /* LaunchScreen.storyboard */,
				52BE7D072BA617B400F91300 /* Info.plist */,
				52BE7D292BA617CC00F91300 /* StudyModifier.swift */,
				52BE7D2B2BA61D7E00F91300 /* StudyCutomView1.swift */,
				52BE7D2D2BA624CA00F91300 /* StudyCutomContainer.swift */,
				52BE7D2F2BA62BEB00F91300 /* StudyBinding.swift */,
				52BE7D312BA62F3A00F91300 /* StudyList.swift */,
				52BE7D332BA63A7200F91300 /* StudyState.swift */,
			);
			path = StudySwiftUI;
			sourceTree = "<group>";
		};
		52BE7D0F2BA617B500F91300 /* StudySwiftUITests */ = {
			isa = PBXGroup;
			children = (
				52BE7D102BA617B500F91300 /* StudySwiftUITests.swift */,
			);
			path = StudySwiftUITests;
			sourceTree = "<group>";
		};
		52BE7D192BA617B500F91300 /* StudySwiftUIUITests */ = {
			isa = PBXGroup;
			children = (
				52BE7D1A2BA617B500F91300 /* StudySwiftUIUITests.swift */,
				52BE7D1C2BA617B500F91300 /* StudySwiftUIUITestsLaunchTests.swift */,
			);
			path = StudySwiftUIUITests;
			sourceTree = "<group>";
		};
/* End PBXGroup section */

/* Begin PBXNativeTarget section */
		52BE7CF52BA617B300F91300 /* StudySwiftUI */ = {
			isa = PBXNativeTarget;
			buildConfigurationList = 52BE7D202BA617B500F91300 /* Build configuration list for PBXNativeTarget "StudySwiftUI" */;
			buildPhases = (
				52BE7CF22BA617B300F91300 /* Sources */,
				52BE7CF32BA617B300F91300 /* Frameworks */,
				52BE7CF42BA617B300F91300 /* Resources */,
			);
			buildRules = (
			);
			dependencies = (
			);
			name = StudySwiftUI;
			productName = StudySwiftUI;
			productReference = 52BE7CF62BA617B300F91300 /* StudySwiftUI.app */;
			productType = "com.apple.product-type.application";
		};
		52BE7D0B2BA617B500F91300 /* StudySwiftUITests */ = {
			isa = PBXNativeTarget;
			buildConfigurationList = 52BE7D232BA617B500F91300 /* Build configuration list for PBXNativeTarget "StudySwiftUITests" */;
			buildPhases = (
				52BE7D082BA617B500F91300 /* Sources */,
				52BE7D092BA617B500F91300 /* Frameworks */,
				52BE7D0A2BA617B500F91300 /* Resources */,
			);
			buildRules = (
			);
			dependencies = (
				52BE7D0E2BA617B500F91300 /* PBXTargetDependency */,
			);
			name = StudySwiftUITests;
			productName = StudySwiftUITests;
			productReference = 52BE7D0C2BA617B500F91300 /* StudySwiftUITests.xctest */;
			productType = "com.apple.product-type.bundle.unit-test";
		};
		52BE7D152BA617B500F91300 /* StudySwiftUIUITests */ = {
			isa = PBXNativeTarget;
			buildConfigurationList = 52BE7D262BA617B500F91300 /* Build configuration list for PBXNativeTarget "StudySwiftUIUITests" */;
			buildPhases = (
				52BE7D122BA617B500F91300 /* Sources */,
				52BE7D132BA617B500F91300 /* Frameworks */,
				52BE7D142BA617B500F91300 /* Resources */,
			);
			buildRules = (
			);
			dependencies = (
				52BE7D182BA617B500F91300 /* PBXTargetDependency */,
			);
			name = StudySwiftUIUITests;
			productName = StudySwiftUIUITests;
			productReference = 52BE7D162BA617B500F91300 /* StudySwiftUIUITests.xctest */;
			productType = "com.apple.product-type.bundle.ui-testing";
		};
/* End PBXNativeTarget section */

/* Begin PBXProject section */
		52BE7CEE2BA617B300F91300 /* Project object */ = {
			isa = PBXProject;
			attributes = {
				BuildIndependentTargetsInParallel = 1;
				LastSwiftUpdateCheck = 1500;
				LastUpgradeCheck = 1500;
				TargetAttributes = {
					52BE7CF52BA617B300F91300 = {
						CreatedOnToolsVersion = 15.0.1;
					};
					52BE7D0B2BA617B500F91300 = {
						CreatedOnToolsVersion = 15.0.1;
						TestTargetID = 52BE7CF52BA617B300F91300;
					};
					52BE7D152BA617B500F91300 = {
						CreatedOnToolsVersion = 15.0.1;
						TestTargetID = 52BE7CF52BA617B300F91300;
					};
				};
			};
			buildConfigurationList = 52BE7CF12BA617B300F91300 /* Build configuration list for PBXProject "StudySwiftUI" */;
			compatibilityVersion = "Xcode 14.0";
			developmentRegion = en;
			hasScannedForEncodings = 0;
			knownRegions = (
				en,
				Base,
			);
			mainGroup = 52BE7CED2BA617B300F91300;
			productRefGroup = 52BE7CF72BA617B300F91300 /* Products */;
			projectDirPath = "";
			projectRoot = "";
			targets = (
				52BE7CF52BA617B300F91300 /* StudySwiftUI */,
				52BE7D0B2BA617B500F91300 /* StudySwiftUITests */,
				52BE7D152BA617B500F91300 /* StudySwiftUIUITests */,
			);
		};
/* End PBXProject section */

/* Begin PBXResourcesBuildPhase section */
		52BE7CF42BA617B300F91300 /* Resources */ = {
			isa = PBXResourcesBuildPhase;
			buildActionMask = 2147483647;
			files = (
				52BE7D062BA617B400F91300 /* LaunchScreen.storyboard in Resources */,
				52BE7D032BA617B400F91300 /* Assets.xcassets in Resources */,
				52BE7D012BA617B300F91300 /* Main.storyboard in Resources */,
			);
			runOnlyForDeploymentPostprocessing = 0;
		};
		52BE7D0A2BA617B500F91300 /* Resources */ = {
			isa = PBXResourcesBuildPhase;
			buildActionMask = 2147483647;
			files = (
			);
			runOnlyForDeploymentPostprocessing = 0;
		};
		52BE7D142BA617B500F91300 /* Resources */ = {
			isa = PBXResourcesBuildPhase;
			buildActionMask = 2147483647;
			files = (
			);
			runOnlyForDeploymentPostprocessing = 0;
		};
/* End PBXResourcesBuildPhase section */

/* Begin PBXSourcesBuildPhase section */
		52BE7CF22BA617B300F91300 /* Sources */ = {
			isa = PBXSourcesBuildPhase;
			buildActionMask = 2147483647;
			files = (
				52BE7CFE2BA617B300F91300 /* ViewController.swift in Sources */,
				52BE7CFA2BA617B300F91300 /* AppDelegate.swift in Sources */,
				52BE7D342BA63A7200F91300 /* StudyState.swift in Sources */,
				52BE7D2A2BA617CC00F91300 /* StudyModifier.swift in Sources */,
				52BE7D302BA62BEB00F91300 /* StudyBinding.swift in Sources */,
				52BE7CFC2BA617B300F91300 /* SceneDelegate.swift in Sources */,
				52BE7D2C2BA61D7E00F91300 /* StudyCutomView1.swift in Sources */,
				52BE7D2E2BA624CA00F91300 /* StudyCutomContainer.swift in Sources */,
				52BE7D322BA62F3A00F91300 /* StudyList.swift in Sources */,
			);
			runOnlyForDeploymentPostprocessing = 0;
		};
		52BE7D082BA617B500F91300 /* Sources */ = {
			isa = PBXSourcesBuildPhase;
			buildActionMask = 2147483647;
			files = (
				52BE7D112BA617B500F91300 /* StudySwiftUITests.swift in Sources */,
			);
			runOnlyForDeploymentPostprocessing = 0;
		};
		52BE7D122BA617B500F91300 /* Sources */ = {
			isa = PBXSourcesBuildPhase;
			buildActionMask = 2147483647;
			files = (
				52BE7D1D2BA617B500F91300 /* StudySwiftUIUITestsLaunchTests.swift in Sources */,
				52BE7D1B2BA617B500F91300 /* StudySwiftUIUITests.swift in Sources */,
			);
			runOnlyForDeploymentPostprocessing = 0;
		};
/* End PBXSourcesBuildPhase section */

/* Begin PBXTargetDependency section */
		52BE7D0E2BA617B500F91300 /* PBXTargetDependency */ = {
			isa = PBXTargetDependency;
			target = 52BE7CF52BA617B300F91300 /* StudySwiftUI */;
			targetProxy = 52BE7D0D2BA617B500F91300 /* PBXContainerItemProxy */;
		};
		52BE7D182BA617B500F91300 /* PBXTargetDependency */ = {
			isa = PBXTargetDependency;
			target = 52BE7CF52BA617B300F91300 /* StudySwiftUI */;
			targetProxy = 52BE7D172BA617B500F91300 /* PBXContainerItemProxy */;
		};
/* End PBXTargetDependency section */

/* Begin PBXVariantGroup section */
		52BE7CFF2BA617B300F91300 /* Main.storyboard */ = {
			isa = PBXVariantGroup;
			children = (
				52BE7D002BA617B300F91300 /* Base */,
			);
			name = Main.storyboard;
			sourceTree = "<group>";
		};
		52BE7D042BA617B400F91300 /* LaunchScreen.storyboard */ = {
			isa = PBXVariantGroup;
			children = (
				52BE7D052BA617B400F91300 /* Base */,
			);
			name = LaunchScreen.storyboard;
			sourceTree = "<group>";
		};
/* End PBXVariantGroup section */

/* Begin XCBuildConfiguration section */
		52BE7D1E2BA617B500F91300 /* Debug */ = {
			isa = XCBuildConfiguration;
			buildSettings = {
				ALWAYS_SEARCH_USER_PATHS = NO;
				ASSETCATALOG_COMPILER_GENERATE_SWIFT_ASSET_SYMBOL_EXTENSIONS = YES;
				CLANG_ANALYZER_NONNULL = YES;
				CLANG_ANALYZER_NUMBER_OBJECT_CONVERSION = YES_AGGRESSIVE;
				CLANG_CXX_LANGUAGE_STANDARD = "gnu++20";
				CLANG_ENABLE_MODULES = YES;
				CLANG_ENABLE_OBJC_ARC = YES;
				CLANG_ENABLE_OBJC_WEAK = YES;
				CLANG_WARN_BLOCK_CAPTURE_AUTORELEASING = YES;
				CLANG_WARN_BOOL_CONVERSION = YES;
				CLANG_WARN_COMMA = YES;
				CLANG_WARN_CONSTANT_CONVERSION = YES;
				CLANG_WARN_DEPRECATED_OBJC_IMPLEMENTATIONS = YES;
				CLANG_WARN_DIRECT_OBJC_ISA_USAGE = YES_ERROR;
				CLANG_WARN_DOCUMENTATION_COMMENTS = YES;
				CLANG_WARN_EMPTY_BODY = YES;
				CLANG_WARN_ENUM_CONVERSION = YES;
				CLANG_WARN_INFINITE_RECURSION = YES;
				CLANG_WARN_INT_CONVERSION = YES;
				CLANG_WARN_NON_LITERAL_NULL_CONVERSION = YES;
				CLANG_WARN_OBJC_IMPLICIT_RETAIN_SELF = YES;
				CLANG_WARN_OBJC_LITERAL_CONVERSION = YES;
				CLANG_WARN_OBJC_ROOT_CLASS = YES_ERROR;
				CLANG_WARN_QUOTED_INCLUDE_IN_FRAMEWORK_HEADER = YES;
				CLANG_WARN_RANGE_LOOP_ANALYSIS = YES;
				CLANG_WARN_STRICT_PROTOTYPES = YES;
				CLANG_WARN_SUSPICIOUS_MOVE = YES;
				CLANG_WARN_UNGUARDED_AVAILABILITY = YES_AGGRESSIVE;
				CLANG_WARN_UNREACHABLE_CODE = YES;
				CLANG_WARN__DUPLICATE_METHOD_MATCH = YES;
				COPY_PHASE_STRIP = NO;
				DEBUG_INFORMATION_FORMAT = dwarf;
				ENABLE_STRICT_OBJC_MSGSEND = YES;
				ENABLE_TESTABILITY = YES;
				ENABLE_USER_SCRIPT_SANDBOXING = YES;
				GCC_C_LANGUAGE_STANDARD = gnu17;
				GCC_DYNAMIC_NO_PIC = NO;
				GCC_NO_COMMON_BLOCKS = YES;
				GCC_OPTIMIZATION_LEVEL = 0;
				GCC_PREPROCESSOR_DEFINITIONS = (
					"DEBUG=1",
					"$(inherited)",
				);
				GCC_WARN_64_TO_32_BIT_CONVERSION = YES;
				GCC_WARN_ABOUT_RETURN_TYPE = YES_ERROR;
				GCC_WARN_UNDECLARED_SELECTOR = YES;
				GCC_WARN_UNINITIALIZED_AUTOS = YES_AGGRESSIVE;
				GCC_WARN_UNUSED_FUNCTION = YES;
				GCC_WARN_UNUSED_VARIABLE = YES;
				IPHONEOS_DEPLOYMENT_TARGET = 17.0;
				LOCALIZATION_PREFERS_STRING_CATALOGS = YES;
				MTL_ENABLE_DEBUG_INFO = INCLUDE_SOURCE;
				MTL_FAST_MATH = YES;
				ONLY_ACTIVE_ARCH = YES;
				SDKROOT = iphoneos;
				SWIFT_ACTIVE_COMPILATION_CONDITIONS = "DEBUG $(inherited)";
				SWIFT_OPTIMIZATION_LEVEL = "-Onone";
			};
			name = Debug;
		};
		52BE7D1F2BA617B500F91300 /* Release */ = {
			isa = XCBuildConfiguration;
			buildSettings = {
				ALWAYS_SEARCH_USER_PATHS = NO;
				ASSETCATALOG_COMPILER_GENERATE_SWIFT_ASSET_SYMBOL_EXTENSIONS = YES;
				CLANG_ANALYZER_NONNULL = YES;
				CLANG_ANALYZER_NUMBER_OBJECT_CONVERSION = YES_AGGRESSIVE;
				CLANG_CXX_LANGUAGE_STANDARD = "gnu++20";
				CLANG_ENABLE_MODULES = YES;
				CLANG_ENABLE_OBJC_ARC = YES;
				CLANG_ENABLE_OBJC_WEAK = YES;
				CLANG_WARN_BLOCK_CAPTURE_AUTORELEASING = YES;
				CLANG_WARN_BOOL_CONVERSION = YES;
				CLANG_WARN_COMMA = YES;
				CLANG_WARN_CONSTANT_CONVERSION = YES;
				CLANG_WARN_DEPRECATED_OBJC_IMPLEMENTATIONS = YES;
				CLANG_WARN_DIRECT_OBJC_ISA_USAGE = YES_ERROR;
				CLANG_WARN_DOCUMENTATION_COMMENTS = YES;
				CLANG_WARN_EMPTY_BODY = YES;
				CLANG_WARN_ENUM_CONVERSION = YES;
				CLANG_WARN_INFINITE_RECURSION = YES;
				CLANG_WARN_INT_CONVERSION = YES;
				CLANG_WARN_NON_LITERAL_NULL_CONVERSION = YES;
				CLANG_WARN_OBJC_IMPLICIT_RETAIN_SELF = YES;
				CLANG_WARN_OBJC_LITERAL_CONVERSION = YES;
				CLANG_WARN_OBJC_ROOT_CLASS = YES_ERROR;
				CLANG_WARN_QUOTED_INCLUDE_IN_FRAMEWORK_HEADER = YES;
				CLANG_WARN_RANGE_LOOP_ANALYSIS = YES;
				CLANG_WARN_STRICT_PROTOTYPES = YES;
				CLANG_WARN_SUSPICIOUS_MOVE = YES;
				CLANG_WARN_UNGUARDED_AVAILABILITY = YES_AGGRESSIVE;
				CLANG_WARN_UNREACHABLE_CODE = YES;
				CLANG_WARN__DUPLICATE_METHOD_MATCH = YES;
				COPY_PHASE_STRIP = NO;
				DEBUG_INFORMATION_FORMAT = "dwarf-with-dsym";
				ENABLE_NS_ASSERTIONS = NO;
				ENABLE_STRICT_OBJC_MSGSEND = YES;
				ENABLE_USER_SCRIPT_SANDBOXING = YES;
				GCC_C_LANGUAGE_STANDARD = gnu17;
				GCC_NO_COMMON_BLOCKS = YES;
				GCC_WARN_64_TO_32_BIT_CONVERSION = YES;
				GCC_WARN_ABOUT_RETURN_TYPE = YES_ERROR;
				GCC_WARN_UNDECLARED_SELECTOR = YES;
				GCC_WARN_UNINITIALIZED_AUTOS = YES_AGGRESSIVE;
				GCC_WARN_UNUSED_FUNCTION = YES;
				GCC_WARN_UNUSED_VARIABLE = YES;
				IPHONEOS_DEPLOYMENT_TARGET = 17.0;
				LOCALIZATION_PREFERS_STRING_CATALOGS = YES;
				MTL_ENABLE_DEBUG_INFO = NO;
				MTL_FAST_MATH = YES;
				SDKROOT = iphoneos;
				SWIFT_COMPILATION_MODE = wholemodule;
				VALIDATE_PRODUCT = YES;
			};
			name = Release;
		};
		52BE7D212BA617B500F91300 /* Debug */ = {
			isa = XCBuildConfiguration;
			buildSettings = {
				ASSETCATALOG_COMPILER_APPICON_NAME = AppIcon;
				ASSETCATALOG_COMPILER_GLOBAL_ACCENT_COLOR_NAME = AccentColor;
				CODE_SIGN_STYLE = Automatic;
				CURRENT_PROJECT_VERSION = 1;
				GENERATE_INFOPLIST_FILE = YES;
				INFOPLIST_FILE = StudySwiftUI/Info.plist;
				INFOPLIST_KEY_UIApplicationSupportsIndirectInputEvents = YES;
				INFOPLIST_KEY_UILaunchStoryboardName = LaunchScreen;
				INFOPLIST_KEY_UISupportedInterfaceOrientations_iPad = "UIInterfaceOrientationPortrait UIInterfaceOrientationPortraitUpsideDown UIInterfaceOrientationLandscapeLeft UIInterfaceOrientationLandscapeRight";
				INFOPLIST_KEY_UISupportedInterfaceOrientations_iPhone = "UIInterfaceOrientationPortrait UIInterfaceOrientationLandscapeLeft UIInterfaceOrientationLandscapeRight";
				LD_RUNPATH_SEARCH_PATHS = (
					"$(inherited)",
					"@executable_path/Frameworks",
				);
				MARKETING_VERSION = 1.0;
				PRODUCT_BUNDLE_IDENTIFIER = com.study.sysModel.StudySwiftUI;
				PRODUCT_NAME = "$(TARGET_NAME)";
				SWIFT_EMIT_LOC_STRINGS = YES;
				SWIFT_VERSION = 5.0;
				TARGETED_DEVICE_FAMILY = "1,2";
			};
			name = Debug;
		};
		52BE7D222BA617B500F91300 /* Release */ = {
			isa = XCBuildConfiguration;
			buildSettings = {
				ASSETCATALOG_COMPILER_APPICON_NAME = AppIcon;
				ASSETCATALOG_COMPILER_GLOBAL_ACCENT_COLOR_NAME = AccentColor;
				CODE_SIGN_STYLE = Automatic;
				CURRENT_PROJECT_VERSION = 1;
				GENERATE_INFOPLIST_FILE = YES;
				INFOPLIST_FILE = StudySwiftUI/Info.plist;
				INFOPLIST_KEY_UIApplicationSupportsIndirectInputEvents = YES;
				INFOPLIST_KEY_UILaunchStoryboardName = LaunchScreen;
				INFOPLIST_KEY_UISupportedInterfaceOrientations_iPad = "UIInterfaceOrientationPortrait UIInterfaceOrientationPortraitUpsideDown UIInterfaceOrientationLandscapeLeft UIInterfaceOrientationLandscapeRight";
				INFOPLIST_KEY_UISupportedInterfaceOrientations_iPhone = "UIInterfaceOrientationPortrait UIInterfaceOrientationLandscapeLeft UIInterfaceOrientationLandscapeRight";
				LD_RUNPATH_SEARCH_PATHS = (
					"$(inherited)",
					"@executable_path/Frameworks",
				);
				MARKETING_VERSION = 1.0;
				PRODUCT_BUNDLE_IDENTIFIER = com.study.sysModel.StudySwiftUI;
				PRODUCT_NAME = "$(TARGET_NAME)";
				SWIFT_EMIT_LOC_STRINGS = YES;
				SWIFT_VERSION = 5.0;
				TARGETED_DEVICE_FAMILY = "1,2";
			};
			name = Release;
		};
		52BE7D242BA617B500F91300 /* Debug */ = {
			isa = XCBuildConfiguration;
			buildSettings = {
				ALWAYS_EMBED_SWIFT_STANDARD_LIBRARIES = YES;
				BUNDLE_LOADER = "$(TEST_HOST)";
				CODE_SIGN_STYLE = Automatic;
				CURRENT_PROJECT_VERSION = 1;
				GENERATE_INFOPLIST_FILE = YES;
				IPHONEOS_DEPLOYMENT_TARGET = 17.0;
				MARKETING_VERSION = 1.0;
				PRODUCT_BUNDLE_IDENTIFIER = com.study.sysModel.StudySwiftUITests;
				PRODUCT_NAME = "$(TARGET_NAME)";
				SWIFT_EMIT_LOC_STRINGS = NO;
				SWIFT_VERSION = 5.0;
				TARGETED_DEVICE_FAMILY = "1,2";
				TEST_HOST = "$(BUILT_PRODUCTS_DIR)/StudySwiftUI.app/$(BUNDLE_EXECUTABLE_FOLDER_PATH)/StudySwiftUI";
			};
			name = Debug;
		};
		52BE7D252BA617B500F91300 /* Release */ = {
			isa = XCBuildConfiguration;
			buildSettings = {
				ALWAYS_EMBED_SWIFT_STANDARD_LIBRARIES = YES;
				BUNDLE_LOADER = "$(TEST_HOST)";
				CODE_SIGN_STYLE = Automatic;
				CURRENT_PROJECT_VERSION = 1;
				GENERATE_INFOPLIST_FILE = YES;
				IPHONEOS_DEPLOYMENT_TARGET = 17.0;
				MARKETING_VERSION = 1.0;
				PRODUCT_BUNDLE_IDENTIFIER = com.study.sysModel.StudySwiftUITests;
				PRODUCT_NAME = "$(TARGET_NAME)";
				SWIFT_EMIT_LOC_STRINGS = NO;
				SWIFT_VERSION = 5.0;
				TARGETED_DEVICE_FAMILY = "1,2";
				TEST_HOST = "$(BUILT_PRODUCTS_DIR)/StudySwiftUI.app/$(BUNDLE_EXECUTABLE_FOLDER_PATH)/StudySwiftUI";
			};
			name = Release;
		};
		52BE7D272BA617B500F91300 /* Debug */ = {
			isa = XCBuildConfiguration;
			buildSettings = {
				ALWAYS_EMBED_SWIFT_STANDARD_LIBRARIES = YES;
				CODE_SIGN_STYLE = Automatic;
				CURRENT_PROJECT_VERSION = 1;
				GENERATE_INFOPLIST_FILE = YES;
				MARKETING_VERSION = 1.0;
				PRODUCT_BUNDLE_IDENTIFIER = com.study.sysModel.StudySwiftUIUITests;
				PRODUCT_NAME = "$(TARGET_NAME)";
				SWIFT_EMIT_LOC_STRINGS = NO;
				SWIFT_VERSION = 5.0;
				TARGETED_DEVICE_FAMILY = "1,2";
				TEST_TARGET_NAME = StudySwiftUI;
			};
			name = Debug;
		};
		52BE7D282BA617B500F91300 /* Release */ = {
			isa = XCBuildConfiguration;
			buildSettings = {
				ALWAYS_EMBED_SWIFT_STANDARD_LIBRARIES = YES;
				CODE_SIGN_STYLE = Automatic;
				CURRENT_PROJECT_VERSION = 1;
				GENERATE_INFOPLIST_FILE = YES;
				MARKETING_VERSION = 1.0;
				PRODUCT_BUNDLE_IDENTIFIER = com.study.sysModel.StudySwiftUIUITests;
				PRODUCT_NAME = "$(TARGET_NAME)";
				SWIFT_EMIT_LOC_STRINGS = NO;
				SWIFT_VERSION = 5.0;
				TARGETED_DEVICE_FAMILY = "1,2";
				TEST_TARGET_NAME = StudySwiftUI;
			};
			name = Release;
		};
/* End XCBuildConfiguration section */

/* Begin XCConfigurationList section */
		52BE7CF12BA617B300F91300 /* Build configuration list for PBXProject "StudySwiftUI" */ = {
			isa = XCConfigurationList;
			buildConfigurations = (
				52BE7D1E2BA617B500F91300 /* Debug */,
				52BE7D1F2BA617B500F91300 /* Release */,
			);
			defaultConfigurationIsVisible = 0;
			defaultConfigurationName = Release;
		};
		52BE7D202BA617B500F91300 /* Build configuration list for PBXNativeTarget "StudySwiftUI" */ = {
			isa = XCConfigurationList;
			buildConfigurations = (
				52BE7D212BA617B500F91300 /* Debug */,
				52BE7D222BA617B500F91300 /* Release */,
			);
			defaultConfigurationIsVisible = 0;
			defaultConfigurationName = Release;
		};
		52BE7D232BA617B500F91300 /* Build configuration list for PBXNativeTarget "StudySwiftUITests" */ = {
			isa = XCConfigurationList;
			buildConfigurations = (
				52BE7D242BA617B500F91300 /* Debug */,
				52BE7D252BA617B500F91300 /* Release */,
			);
			defaultConfigurationIsVisible = 0;
			defaultConfigurationName = Release;
		};
		52BE7D262BA617B500F91300 /* Build configuration list for PBXNativeTarget "StudySwiftUIUITests" */ = {
			isa = XCConfigurationList;
			buildConfigurations = (
				52BE7D272BA617B500F91300 /* Debug */,
				52BE7D282BA617B500F91300 /* Release */,
			);
			defaultConfigurationIsVisible = 0;
			defaultConfigurationName = Release;
		};
/* End XCConfigurationList section */
	};
	rootObject = 52BE7CEE2BA617B300F91300 /* Project object */;
}
